
Microsoft Visual Studio Solution File, Format Version 12.00
# Visual Studio Version 17
VisualStudioVersion = 17.6.33829.357
MinimumVisualStudioVersion = 10.0.40219.1
Project("{9A19103F-16F7-4668-BE54-9A1E7A4F7556}") = "Commy", "Commy.csproj", "{A86BC0A7-5FFE-49C2-BF7C-7D2B96953D79}"
EndProject
Global
	GlobalSection(SolutionConfigurationPlatforms) = preSolution
		Debug|Any CPU = Debug|Any CPU
		Release|Any CPU = Release|Any CPU
	EndGlobalSection
	GlobalSection(ProjectConfigurationPlatforms) = postSolution
		{A86BC0A7-5FFE-49C2-BF7C-7D2B96953D79}.Debug|Any CPU.ActiveCfg = Debug|Any CPU
		{A86BC0A7-5FFE-49C2-BF7C-7D2B96953D79}.Debug|Any CPU.Build.0 = Debug|Any CPU
		{A86BC0A7-5FFE-49C2-BF7C-7D2B96953D79}.Release|Any CPU.ActiveCfg = Release|Any CPU
		{A86BC0A7-5FFE-49C2-BF7C-7D2B96953D79}.Release|Any CPU.Build.0 = Release|Any CPU
	EndGlobalSection
	GlobalSection(SolutionProperties) = preSolution
		HideSolutionNode = FALSE
	EndGlobalSection
	GlobalSection(ExtensibilityGlobals) = postSolution
		SolutionGuid = {12E88D40-C523-4601-A291-DD4050B32669}
	EndGlobalSection
EndGlobal
